
Microsoft Visual Studio Solution File, Format Version 12.00
# Visual Studio Version 17
VisualStudioVersion = 17.2.32516.85
MinimumVisualStudioVersion = 10.0.40219.1
Project("{FAE04EC0-301F-11D3-BF4B-00C04F79EFBC}") = "Prototype backend", "Prototype backend\Prototype backend.csproj", "{506AB7A6-01A6-43F4-8989-16F8EEF486B1}"
EndProject
Global
	GlobalSection(SolutionConfigurationPlatforms) = preSolution
		Debug|Any CPU = Debug|Any CPU
		Release|Any CPU = Release|Any CPU
	EndGlobalSection
	GlobalSection(ProjectConfigurationPlatforms) = postSolution
		{506AB7A6-01A6-43F4-8989-16F8EEF486B1}.Debug|Any CPU.ActiveCfg = Debug|Any CPU
		{506AB7A6-01A6-43F4-8989-16F8EEF486B1}.Debug|Any CPU.Build.0 = Debug|Any CPU
		{506AB7A6-01A6-43F4-8989-16F8EEF486B1}.Release|Any CPU.ActiveCfg = Release|Any CPU
		{506AB7A6-01A6-43F4-8989-16F8EEF486B1}.Release|Any CPU.Build.0 = Release|Any CPU
	EndGlobalSection
	GlobalSection(SolutionProperties) = preSolution
		HideSolutionNode = FALSE
	EndGlobalSection
	GlobalSection(ExtensibilityGlobals) = postSolution
		SolutionGuid = {879C0FB0-57E3-47AB-AAF5-2A74ABFDF016}
	EndGlobalSection
EndGlobal
