
Microsoft Visual Studio Solution File, Format Version 12.00
# Visual Studio Version 17
VisualStudioVersion = 17.2.32516.85
MinimumVisualStudioVersion = 10.0.40219.1
Project("{FAE04EC0-301F-11D3-BF4B-00C04F79EFBC}") = "BeerWithFriends-BackEnd", "BeerWithFriends-BackEnd\BeerWithFriends-BackEnd.csproj", "{9F107418-B32C-4202-92AC-4A6E99A6522B}"
	ProjectSection(ProjectDependencies) = postProject
		{E96D900A-6D4B-4439-AE53-5005CD96F89F} = {E96D900A-6D4B-4439-AE53-5005CD96F89F}
	EndProjectSection
EndProject
Project("{FAE04EC0-301F-11D3-BF4B-00C04F79EFBC}") = "BeerWithFriendsFactory", "BeerWithFriendsFactory\BeerWithFriendsFactory.csproj", "{ACAB8C8B-E18B-4DCA-BBE4-12E8A45563D3}"
	ProjectSection(ProjectDependencies) = postProject
		{A4FCE625-37FF-4465-ACC5-5BC5DFAAED0B} = {A4FCE625-37FF-4465-ACC5-5BC5DFAAED0B}
		{D9C77F59-DD59-4F8D-9294-C47832FFDF29} = {D9C77F59-DD59-4F8D-9294-C47832FFDF29}
	EndProjectSection
EndProject
Project("{FAE04EC0-301F-11D3-BF4B-00C04F79EFBC}") = "BeerWithFriendsDTO", "BeerWithFriendsDTO\BeerWithFriendsDTO.csproj", "{B7941079-A8C0-4141-B31F-0EB740BBD260}"
EndProject
Project("{FAE04EC0-301F-11D3-BF4B-00C04F79EFBC}") = "BeerWithFriendsDAL", "BeerWithFriendsDAL\BeerWithFriendsDAL.csproj", "{D9C77F59-DD59-4F8D-9294-C47832FFDF29}"
	ProjectSection(ProjectDependencies) = postProject
		{A4FCE625-37FF-4465-ACC5-5BC5DFAAED0B} = {A4FCE625-37FF-4465-ACC5-5BC5DFAAED0B}
		{B7941079-A8C0-4141-B31F-0EB740BBD260} = {B7941079-A8C0-4141-B31F-0EB740BBD260}
	EndProjectSection
EndProject
Project("{FAE04EC0-301F-11D3-BF4B-00C04F79EFBC}") = "BeerWithFriendsCore", "BeerWithFriendsCore\BeerWithFriendsCore.csproj", "{E96D900A-6D4B-4439-AE53-5005CD96F89F}"
	ProjectSection(ProjectDependencies) = postProject
		{A4FCE625-37FF-4465-ACC5-5BC5DFAAED0B} = {A4FCE625-37FF-4465-ACC5-5BC5DFAAED0B}
		{ACAB8C8B-E18B-4DCA-BBE4-12E8A45563D3} = {ACAB8C8B-E18B-4DCA-BBE4-12E8A45563D3}
	EndProjectSection
EndProject
Project("{FAE04EC0-301F-11D3-BF4B-00C04F79EFBC}") = "BeerWithFriendsContract", "BeerWithFriendsContract\BeerWithFriendsContract.csproj", "{A4FCE625-37FF-4465-ACC5-5BC5DFAAED0B}"
	ProjectSection(ProjectDependencies) = postProject
		{B7941079-A8C0-4141-B31F-0EB740BBD260} = {B7941079-A8C0-4141-B31F-0EB740BBD260}
	EndProjectSection
EndProject
Global
	GlobalSection(SolutionConfigurationPlatforms) = preSolution
		Debug|Any CPU = Debug|Any CPU
		Release|Any CPU = Release|Any CPU
	EndGlobalSection
	GlobalSection(ProjectConfigurationPlatforms) = postSolution
		{9F107418-B32C-4202-92AC-4A6E99A6522B}.Debug|Any CPU.ActiveCfg = Debug|Any CPU
		{9F107418-B32C-4202-92AC-4A6E99A6522B}.Debug|Any CPU.Build.0 = Debug|Any CPU
		{9F107418-B32C-4202-92AC-4A6E99A6522B}.Release|Any CPU.ActiveCfg = Release|Any CPU
		{9F107418-B32C-4202-92AC-4A6E99A6522B}.Release|Any CPU.Build.0 = Release|Any CPU
		{ACAB8C8B-E18B-4DCA-BBE4-12E8A45563D3}.Debug|Any CPU.ActiveCfg = Debug|Any CPU
		{ACAB8C8B-E18B-4DCA-BBE4-12E8A45563D3}.Debug|Any CPU.Build.0 = Debug|Any CPU
		{ACAB8C8B-E18B-4DCA-BBE4-12E8A45563D3}.Release|Any CPU.ActiveCfg = Release|Any CPU
		{ACAB8C8B-E18B-4DCA-BBE4-12E8A45563D3}.Release|Any CPU.Build.0 = Release|Any CPU
		{B7941079-A8C0-4141-B31F-0EB740BBD260}.Debug|Any CPU.ActiveCfg = Debug|Any CPU
		{B7941079-A8C0-4141-B31F-0EB740BBD260}.Debug|Any CPU.Build.0 = Debug|Any CPU
		{B7941079-A8C0-4141-B31F-0EB740BBD260}.Release|Any CPU.ActiveCfg = Release|Any CPU
		{B7941079-A8C0-4141-B31F-0EB740BBD260}.Release|Any CPU.Build.0 = Release|Any CPU
		{D9C77F59-DD59-4F8D-9294-C47832FFDF29}.Debug|Any CPU.ActiveCfg = Debug|Any CPU
		{D9C77F59-DD59-4F8D-9294-C47832FFDF29}.Debug|Any CPU.Build.0 = Debug|Any CPU
		{D9C77F59-DD59-4F8D-9294-C47832FFDF29}.Release|Any CPU.ActiveCfg = Release|Any CPU
		{D9C77F59-DD59-4F8D-9294-C47832FFDF29}.Release|Any CPU.Build.0 = Release|Any CPU
		{E96D900A-6D4B-4439-AE53-5005CD96F89F}.Debug|Any CPU.ActiveCfg = Debug|Any CPU
		{E96D900A-6D4B-4439-AE53-5005CD96F89F}.Debug|Any CPU.Build.0 = Debug|Any CPU
		{E96D900A-6D4B-4439-AE53-5005CD96F89F}.Release|Any CPU.ActiveCfg = Release|Any CPU
		{E96D900A-6D4B-4439-AE53-5005CD96F89F}.Release|Any CPU.Build.0 = Release|Any CPU
		{A4FCE625-37FF-4465-ACC5-5BC5DFAAED0B}.Debug|Any CPU.ActiveCfg = Debug|Any CPU
		{A4FCE625-37FF-4465-ACC5-5BC5DFAAED0B}.Debug|Any CPU.Build.0 = Debug|Any CPU
		{A4FCE625-37FF-4465-ACC5-5BC5DFAAED0B}.Release|Any CPU.ActiveCfg = Release|Any CPU
		{A4FCE625-37FF-4465-ACC5-5BC5DFAAED0B}.Release|Any CPU.Build.0 = Release|Any CPU
	EndGlobalSection
	GlobalSection(SolutionProperties) = preSolution
		HideSolutionNode = FALSE
	EndGlobalSection
	GlobalSection(ExtensibilityGlobals) = postSolution
		SolutionGuid = {D8D9E6E8-1842-444F-9CF9-ED80E3509A57}
	EndGlobalSection
EndGlobal
